{
  "name": "@townsquad/tsq-gallery",
  "version": "1.2.9",
  "lockfileVersion": 1,
  "requires": true,
  "dependencies": {
    "@fortawesome/angular-fontawesome": {
      "version": "0.5.0",
      "resolved": "https://registry.npmjs.org/@fortawesome/angular-fontawesome/-/angular-fontawesome-0.5.0.tgz",
      "integrity": "sha512-5IR/jNMddiEpgApcqSMfp7l5kZqOtxQYzkSLW6iZ4MZHbQQ+Kc9tu9qi2hro6VFSk/sPxeYEzkzGZUNrMYiwOg==",
      "requires": {
        "tslib": "^1.9.0"
      }
    },
    "@fortawesome/fontawesome-common-types": {
      "version": "0.2.36",
      "resolved": "https://registry.npmjs.org/@fortawesome/fontawesome-common-types/-/fontawesome-common-types-0.2.36.tgz",
      "integrity": "sha512-a/7BiSgobHAgBWeN7N0w+lAhInrGxksn13uK7231n2m8EDPE3BMCl9NZLTGrj9ZXfCmC6LM0QLqXidIizVQ6yg=="
    },
    "@fortawesome/fontawesome-svg-core": {
      "version": "1.2.36",
      "resolved": "https://registry.npmjs.org/@fortawesome/fontawesome-svg-core/-/fontawesome-svg-core-1.2.36.tgz",
      "integrity": "sha512-YUcsLQKYb6DmaJjIHdDWpBIGCcyE/W+p/LMGvjQem55Mm2XWVAP5kWTMKWLv9lwpCVjpLxPyOMOyUocP1GxrtA==",
      "requires": {
        "@fortawesome/fontawesome-common-types": "^0.2.36"
      }
    },
    "@fortawesome/free-solid-svg-icons": {
      "version": "5.15.4",
      "resolved": "https://registry.npmjs.org/@fortawesome/free-solid-svg-icons/-/free-solid-svg-icons-5.15.4.tgz",
      "integrity": "sha512-JLmQfz6tdtwxoihXLg6lT78BorrFyCf59SAwBM6qV/0zXyVeDygJVb3fk+j5Qat+Yvcxp1buLTY5iDh1ZSAQ8w==",
      "requires": {
        "@fortawesome/fontawesome-common-types": "^0.2.36"
      }
    },
    "@types/pdfjs-dist": {
      "version": "2.1.7",
      "resolved": "https://registry.npmjs.org/@types/pdfjs-dist/-/pdfjs-dist-2.1.7.tgz",
      "integrity": "sha512-nQIwcPUhkAIyn7x9NS0lR/qxYfd5unRtfGkMjvpgF4Sh28IXftRymaNmFKTTdejDNY25NDGSIyjwj/BRwAPexg=="
    },
    "lodash": {
      "version": "4.17.21",
      "resolved": "https://registry.npmjs.org/lodash/-/lodash-4.17.21.tgz",
      "integrity": "sha512-v2kDEe57lecTulaDIuNTPy3Ry4gLGJ6Z1O3vE1krgXZNrsQ+LFTGHVxVjcXPs17LhbZVGedAJv8XZ1tvj5FvSg=="
    },
    "ng2-pdf-viewer": {
      "version": "6.4.1",
      "resolved": "https://registry.npmjs.org/ng2-pdf-viewer/-/ng2-pdf-viewer-6.4.1.tgz",
      "integrity": "sha512-A8R9SGa2bu4n+mtagGX8DqBrVAbuROrEgcAOQwCdciYTLAq9EFGEB8TCQZpjvYVaFTNwjKWTMTjFQVEorjbLeQ==",
      "requires": {
        "@types/pdfjs-dist": "~2.1.7",
        "pdfjs-dist": "~2.5.207",
        "tslib": "^1.10.0"
      }
    },
    "pdfjs-dist": {
      "version": "2.5.207",
      "resolved": "https://registry.npmjs.org/pdfjs-dist/-/pdfjs-dist-2.5.207.tgz",
      "integrity": "sha512-xGDUhnCYPfHy+unMXCLCJtlpZaaZ17Ew3WIL0tnSgKFUZXHAPD49GO9xScyszSsQMoutNDgRb+rfBXIaX/lJbw=="
    },
    "tslib": {
      "version": "1.10.0",
      "resolved": "https://registry.npmjs.org/tslib/-/tslib-1.10.0.tgz",
      "integrity": "sha512-qOebF53frne81cf0S9B41ByenJ3/IuH8yJKngAX35CmiZySA0khhkovshKK+jGCaMnVomla7gVlIcc3EvKPbTQ=="
    }
  }
}
