# THIS IS AN AUTOGENERATED FILE. DO NOT EDIT THIS FILE DIRECTLY.
# yarn lockfile v1


"@fortawesome/angular-fontawesome@^0.5.0":
  version "0.5.0"
  resolved "https://registry.yarnpkg.com/@fortawesome/angular-fontawesome/-/angular-fontawesome-0.5.0.tgz#5dbc01714b4af45a2ecb8dd63a6f8b462a8337e1"
  integrity sha512-5IR/jNMddiEpgApcqSMfp7l5kZqOtxQYzkSLW6iZ4MZHbQQ+Kc9tu9qi2hro6VFSk/sPxeYEzkzGZUNrMYiwOg==
  dependencies:
    tslib "^1.9.0"

"@fortawesome/fontawesome-common-types@^0.2.22":
  version "0.2.22"
  resolved "https://registry.yarnpkg.com/@fortawesome/fontawesome-common-types/-/fontawesome-common-types-0.2.22.tgz#3f1328d232a0fd5de8484d833c8519426f39f016"
  integrity sha512-QmEuZsipX5/cR9JOg0fsTN4Yr/9lieYWM8AQpmRa0eIfeOcl/HLYoEa366BCGRSrgNJEexuvOgbq9jnJ22IY5g==

"@fortawesome/fontawesome-svg-core@^1.2.22":
  version "1.2.22"
  resolved "https://registry.yarnpkg.com/@fortawesome/fontawesome-svg-core/-/fontawesome-svg-core-1.2.22.tgz#9a6117c96c8b823c7d531000568ac75c3c02e123"
  integrity sha512-Q941E4x8UfnMH3308n0qrgoja+GoqyiV846JTLoCcCWAKokLKrixCkq6RDBs8r+TtAWaLUrBpI+JFxQNX/WNPQ==
  dependencies:
    "@fortawesome/fontawesome-common-types" "^0.2.22"

"@fortawesome/free-solid-svg-icons@^5.10.2":
  version "5.10.2"
  resolved "https://registry.yarnpkg.com/@fortawesome/free-solid-svg-icons/-/free-solid-svg-icons-5.10.2.tgz#61bcecce3aa5001fd154826238dfa840de4aa05a"
  integrity sha512-9Os/GRUcy+iVaznlg8GKcPSQFpIQpAg14jF0DWsMdnpJfIftlvfaQCWniR/ex9FoOpSEOrlXqmUCFL+JGeciuA==
  dependencies:
    "@fortawesome/fontawesome-common-types" "^0.2.22"

"@types/pdfjs-dist@~2.1.7":
  version "2.1.7"
  resolved "https://registry.yarnpkg.com/@types/pdfjs-dist/-/pdfjs-dist-2.1.7.tgz#a92d94b9d699a93ab8a762839f7819dc04e96484"
  integrity sha512-nQIwcPUhkAIyn7x9NS0lR/qxYfd5unRtfGkMjvpgF4Sh28IXftRymaNmFKTTdejDNY25NDGSIyjwj/BRwAPexg==

lodash@^4.17.15:
  version "4.17.21"
  resolved "https://registry.yarnpkg.com/lodash/-/lodash-4.17.21.tgz#679591c564c3bffaae8454cf0b3df370c3d6911c"
  integrity sha512-v2kDEe57lecTulaDIuNTPy3Ry4gLGJ6Z1O3vE1krgXZNrsQ+LFTGHVxVjcXPs17LhbZVGedAJv8XZ1tvj5FvSg==

ng2-pdf-viewer@^6.4.1:
  version "6.4.1"
  resolved "https://registry.yarnpkg.com/ng2-pdf-viewer/-/ng2-pdf-viewer-6.4.1.tgz#c84e7e4c6db9d759ebc6969ec60b5fc0c3e7fe16"
  integrity sha512-A8R9SGa2bu4n+mtagGX8DqBrVAbuROrEgcAOQwCdciYTLAq9EFGEB8TCQZpjvYVaFTNwjKWTMTjFQVEorjbLeQ==
  dependencies:
    "@types/pdfjs-dist" "~2.1.7"
    pdfjs-dist "~2.5.207"
    tslib "^1.10.0"

pdfjs-dist@~2.5.207:
  version "2.5.207"
  resolved "https://registry.yarnpkg.com/pdfjs-dist/-/pdfjs-dist-2.5.207.tgz#b5e8c19627be64269cd3fb6df3eaaf45ddffe7b6"
  integrity sha512-xGDUhnCYPfHy+unMXCLCJtlpZaaZ17Ew3WIL0tnSgKFUZXHAPD49GO9xScyszSsQMoutNDgRb+rfBXIaX/lJbw==

tslib@^1.10.0:
  version "1.14.1"
  resolved "https://registry.yarnpkg.com/tslib/-/tslib-1.14.1.tgz#cf2d38bdc34a134bcaf1091c41f6619e2f672d00"
  integrity sha512-Xni35NKzjgMrwevysHTCArtLDpPvye8zV/0E4EyYn43P7/7qvQwPh9BGkHewbMulVntbigmcT7rdX3BNo9wRJg==

tslib@^1.9.0:
  version "1.10.0"
  resolved "https://registry.yarnpkg.com/tslib/-/tslib-1.10.0.tgz#c3c19f95973fb0a62973fb09d90d961ee43e5c8a"
  integrity sha512-qOebF53frne81cf0S9B41ByenJ3/IuH8yJKngAX35CmiZySA0khhkovshKK+jGCaMnVomla7gVlIcc3EvKPbTQ==
